Microsoft Visual Studio Solution File, Format Version 12.00
# Visual Studio Version 17
VisualStudioVersion = 17.5.2.0
MinimumVisualStudioVersion = 10.0.40219.1
Project("{FAE04EC0-301F-11D3-BF4B-00C04F79EFBC}") = "codeqlcsharp", "codeqlcsharp.csproj", "{BCEDF72B-3358-8A81-A679-1CB7FE66E778}"
EndProject
Global
	GlobalSection(SolutionConfigurationPlatforms) = preSolution
		Debug|Any CPU = Debug|Any CPU
		Release|Any CPU = Release|Any CPU
	EndGlobalSection
	GlobalSection(ProjectConfigurationPlatforms) = postSolution
		{BCEDF72B-3358-8A81-A679-1CB7FE66E778}.Debug|Any CPU.ActiveCfg = Debug|Any CPU
		{BCEDF72B-3358-8A81-A679-1CB7FE66E778}.Debug|Any CPU.Build.0 = Debug|Any CPU
		{BCEDF72B-3358-8A81-A679-1CB7FE66E778}.Release|Any CPU.ActiveCfg = Release|Any CPU
		{BCEDF72B-3358-8A81-A679-1CB7FE66E778}.Release|Any CPU.Build.0 = Release|Any CPU
	EndGlobalSection
	GlobalSection(SolutionProperties) = preSolution
		HideSolutionNode = FALSE
	EndGlobalSection
	GlobalSection(ExtensibilityGlobals) = postSolution
		SolutionGuid = {A5C21B0E-A46C-4D2C-B964-A73636B8FF27}
	EndGlobalSection
EndGlobal
